// !$*UTF8*$!
{
	archiveVersion = 1;
	classes = {
	};
	objectVersion = 55;
	objects = {

/* Begin PBXBuildFile section */
		71A2872D2979FE4D00EB54E5 /* AppDelegate.swift in Sources */ = {isa = PBXBuildFile; fileRef = 71A2872C2979FE4D00EB54E5 /* AppDelegate.swift */; };
		71A2872F2979FE4D00EB54E5 /* SceneDelegate.swift in Sources */ = {isa = PBXBuildFile; fileRef = 71A2872E2979FE4D00EB54E5 /* SceneDelegate.swift */; };
		71A287312979FE4D00EB54E5 /* ViewController.swift in Sources */ = {isa = PBXBuildFile; fileRef = 71A287302979FE4D00EB54E5 /* ViewController.swift */; };
		71A287342979FE4D00EB54E5 /* Main.storyboard in Resources */ = {isa = PBXBuildFile; fileRef = 71A287322979FE4D00EB54E5 /* Main.storyboard */; };
		71A287362979FE5300EB54E5 /* Assets.xcassets in Resources */ = {isa = PBXBuildFile; fileRef = 71A287352979FE5300EB54E5 /* Assets.xcassets */; };
		71A287392979FE5300EB54E5 /* LaunchScreen.storyboard in Resources */ = {isa = PBXBuildFile; fileRef = 71A287372979FE5300EB54E5 /* LaunchScreen.storyboard */; };
		71A287442979FE5300EB54E5 /* MoovielistAppTests.swift in Sources */ = {isa = PBXBuildFile; fileRef = 71A287432979FE5300EB54E5 /* MoovielistAppTests.swift */; };
		71A2874E2979FE5300EB54E5 /* MoovielistAppUITests.swift in Sources */ = {isa = PBXBuildFile; fileRef = 71A2874D2979FE5300EB54E5 /* MoovielistAppUITests.swift */; };
		71A287502979FE5300EB54E5 /* MoovielistAppUITestsLaunchTests.swift in Sources */ = {isa = PBXBuildFile; fileRef = 71A2874F2979FE5300EB54E5 /* MoovielistAppUITestsLaunchTests.swift */; };
/* End PBXBuildFile section */

/* Begin PBXContainerItemProxy section */
		71A287402979FE5300EB54E5 /* PBXContainerItemProxy */ = {
			isa = PBXContainerItemProxy;
			containerPortal = 71A287212979FE4C00EB54E5 /* Project object */;
			proxyType = 1;
			remoteGlobalIDString = 71A287282979FE4D00EB54E5;
			remoteInfo = MoovielistApp;
		};
		71A2874A2979FE5300EB54E5 /* PBXContainerItemProxy */ = {
			isa = PBXContainerItemProxy;
			containerPortal = 71A287212979FE4C00EB54E5 /* Project object */;
			proxyType = 1;
			remoteGlobalIDString = 71A287282979FE4D00EB54E5;
			remoteInfo = MoovielistApp;
		};
/* End PBXContainerItemProxy section */

/* Begin PBXFileReference section */
		71A287292979FE4D00EB54E5 /* MoovielistApp.app */ = {isa = PBXFileReference; explicitFileType = wrapper.application; includeInIndex = 0; path = MoovielistApp.app; sourceTree = BUILT_PRODUCTS_DIR; };
		71A2872C2979FE4D00EB54E5 /* AppDelegate.swift */ = {isa = PBXFileReference; lastKnownFileType = sourcecode.swift; path = AppDelegate.swift; sourceTree = "<group>"; };
		71A2872E2979FE4D00EB54E5 /* SceneDelegate.swift */ = {isa = PBXFileReference; lastKnownFileType = sourcecode.swift; path = SceneDelegate.swift; sourceTree = "<group>"; };
		71A287302979FE4D00EB54E5 /* ViewController.swift */ = {isa = PBXFileReference; lastKnownFileType = sourcecode.swift; path = ViewController.swift; sourceTree = "<group>"; };
		71A287332979FE4D00EB54E5 /* Base */ = {isa = PBXFileReference; lastKnownFileType = file.storyboard; name = Base; path = Base.lproj/Main.storyboard; sourceTree = "<group>"; };
		71A287352979FE5300EB54E5 /* Assets.xcassets */ = {isa = PBXFileReference; lastKnownFileType = folder.assetcatalog; path = Assets.xcassets; sourceTree = "<group>"; };
		71A287382979FE5300EB54E5 /* Base */ = {isa = PBXFileReference; lastKnownFileType = file.storyboard; name = Base; path = Base.lproj/LaunchScreen.storyboard; sourceTree = "<group>"; };
		71A2873A2979FE5300EB54E5 /* Info.plist */ = {isa = PBXFileReference; lastKnownFileType = text.plist.xml; path = Info.plist; sourceTree = "<group>"; };
		71A2873F2979FE5300EB54E5 /* MoovielistAppTests.xctest */ = {isa = PBXFileReference; explicitFileType = wrapper.cfbundle; includeInIndex = 0; path = MoovielistAppTests.xctest; sourceTree = BUILT_PRODUCTS_DIR; };
		71A287432979FE5300EB54E5 /* MoovielistAppTests.swift */ = {isa = PBXFileReference; lastKnownFileType = sourcecode.swift; path = MoovielistAppTests.swift; sourceTree = "<group>"; };
		71A287492979FE5300EB54E5 /* MoovielistAppUITests.xctest */ = {isa = PBXFileReference; explicitFileType = wrapper.cfbundle; includeInIndex = 0; path = MoovielistAppUITests.xctest; sourceTree = BUILT_PRODUCTS_DIR; };
		71A2874D2979FE5300EB54E5 /* MoovielistAppUITests.swift */ = {isa = PBXFileReference; lastKnownFileType = sourcecode.swift; path = MoovielistAppUITests.swift; sourceTree = "<group>"; };
		71A2874F2979FE5300EB54E5 /* MoovielistAppUITestsLaunchTests.swift */ = {isa = PBXFileReference; lastKnownFileType = sourcecode.swift; path = MoovielistAppUITestsLaunchTests.swift; sourceTree = "<group>"; };
/* End PBXFileReference section */

/* Begin PBXFrameworksBuildPhase section */
		71A287262979FE4D00EB54E5 /* Frameworks */ = {
			isa = PBXFrameworksBuildPhase;
			buildActionMask = 2147483647;
			files = (
			);
			runOnlyForDeploymentPostprocessing = 0;
		};
		71A2873C2979FE5300EB54E5 /* Frameworks */ = {
			isa = PBXFrameworksBuildPhase;
			buildActionMask = 2147483647;
			files = (
			);
			runOnlyForDeploymentPostprocessing = 0;
		};
		71A287462979FE5300EB54E5 /* Frameworks */ = {
			isa = PBXFrameworksBuildPhase;
			buildActionMask = 2147483647;
			files = (
			);
			runOnlyForDeploymentPostprocessing = 0;
		};
/* End PBXFrameworksBuildPhase section */

/* Begin PBXGroup section */
		71A287202979FE4C00EB54E5 = {
			isa = PBXGroup;
			children = (
				71A2872B2979FE4D00EB54E5 /* MoovielistApp */,
				71A287422979FE5300EB54E5 /* MoovielistAppTests */,
				71A2874C2979FE5300EB54E5 /* MoovielistAppUITests */,
				71A2872A2979FE4D00EB54E5 /* Products */,
			);
			sourceTree = "<group>";
		};
		71A2872A2979FE4D00EB54E5 /* Products */ = {
			isa = PBXGroup;
			children = (
				71A287292979FE4D00EB54E5 /* MoovielistApp.app */,
				71A2873F2979FE5300EB54E5 /* MoovielistAppTests.xctest */,
				71A287492979FE5300EB54E5 /* MoovielistAppUITests.xctest */,
			);
			name = Products;
			sourceTree = "<group>";
		};
		71A2872B2979FE4D00EB54E5 /* MoovielistApp */ = {
			isa = PBXGroup;
			children = (
				71A2872C2979FE4D00EB54E5 /* AppDelegate.swift */,
				71A2872E2979FE4D00EB54E5 /* SceneDelegate.swift */,
				71A287302979FE4D00EB54E5 /* ViewController.swift */,
				71A287322979FE4D00EB54E5 /* Main.storyboard */,
				71A287352979FE5300EB54E5 /* Assets.xcassets */,
				71A287372979FE5300EB54E5 /* LaunchScreen.storyboard */,
				71A2873A2979FE5300EB54E5 /* Info.plist */,
			);
			path = MoovielistApp;
			sourceTree = "<group>";
		};
		71A287422979FE5300EB54E5 /* MoovielistAppTests */ = {
			isa = PBXGroup;
			children = (
				71A287432979FE5300EB54E5 /* MoovielistAppTests.swift */,
			);
			path = MoovielistAppTests;
			sourceTree = "<group>";
		};
		71A2874C2979FE5300EB54E5 /* MoovielistAppUITests */ = {
			isa = PBXGroup;
			children = (
				71A2874D2979FE5300EB54E5 /* MoovielistAppUITests.swift */,
				71A2874F2979FE5300EB54E5 /* MoovielistAppUITestsLaunchTests.swift */,
			);
			path = MoovielistAppUITests;
			sourceTree = "<group>";
		};
/* End PBXGroup section */

/* Begin PBXNativeTarget section */
		71A287282979FE4D00EB54E5 /* MoovielistApp */ = {
			isa = PBXNativeTarget;
			buildConfigurationList = 71A287532979FE5300EB54E5 /* Build configuration list for PBXNativeTarget "MoovielistApp" */;
			buildPhases = (
				71A287252979FE4D00EB54E5 /* Sources */,
				71A287262979FE4D00EB54E5 /* Frameworks */,
				71A287272979FE4D00EB54E5 /* Resources */,
			);
			buildRules = (
			);
			dependencies = (
			);
			name = MoovielistApp;
			productName = MoovielistApp;
			productReference = 71A287292979FE4D00EB54E5 /* MoovielistApp.app */;
			productType = "com.apple.product-type.application";
		};
		71A2873E2979FE5300EB54E5 /* MoovielistAppTests */ = {
			isa = PBXNativeTarget;
			buildConfigurationList = 71A287562979FE5300EB54E5 /* Build configuration list for PBXNativeTarget "MoovielistAppTests" */;
			buildPhases = (
				71A2873B2979FE5300EB54E5 /* Sources */,
				71A2873C2979FE5300EB54E5 /* Frameworks */,
				71A2873D2979FE5300EB54E5 /* Resources */,
			);
			buildRules = (
			);
			dependencies = (
				71A287412979FE5300EB54E5 /* PBXTargetDependency */,
			);
			name = MoovielistAppTests;
			productName = MoovielistAppTests;
			productReference = 71A2873F2979FE5300EB54E5 /* MoovielistAppTests.xctest */;
			productType = "com.apple.product-type.bundle.unit-test";
		};
		71A287482979FE5300EB54E5 /* MoovielistAppUITests */ = {
			isa = PBXNativeTarget;
			buildConfigurationList = 71A287592979FE5300EB54E5 /* Build configuration list for PBXNativeTarget "MoovielistAppUITests" */;
			buildPhases = (
				71A287452979FE5300EB54E5 /* Sources */,
				71A287462979FE5300EB54E5 /* Frameworks */,
				71A287472979FE5300EB54E5 /* Resources */,
			);
			buildRules = (
			);
			dependencies = (
				71A2874B2979FE5300EB54E5 /* PBXTargetDependency */,
			);
			name = MoovielistAppUITests;
			productName = MoovielistAppUITests;
			productReference = 71A287492979FE5300EB54E5 /* MoovielistAppUITests.xctest */;
			productType = "com.apple.product-type.bundle.ui-testing";
		};
/* End PBXNativeTarget section */

/* Begin PBXProject section */
		71A287212979FE4C00EB54E5 /* Project object */ = {
			isa = PBXProject;
			attributes = {
				BuildIndependentTargetsInParallel = 1;
				LastSwiftUpdateCheck = 1340;
				LastUpgradeCheck = 1340;
				TargetAttributes = {
					71A287282979FE4D00EB54E5 = {
						CreatedOnToolsVersion = 13.4.1;
					};
					71A2873E2979FE5300EB54E5 = {
						CreatedOnToolsVersion = 13.4.1;
						TestTargetID = 71A287282979FE4D00EB54E5;
					};
					71A287482979FE5300EB54E5 = {
						CreatedOnToolsVersion = 13.4.1;
						TestTargetID = 71A287282979FE4D00EB54E5;
					};
				};
			};
			buildConfigurationList = 71A287242979FE4C00EB54E5 /* Build configuration list for PBXProject "MoovielistApp" */;
			compatibilityVersion = "Xcode 13.0";
			developmentRegion = en;
			hasScannedForEncodings = 0;
			knownRegions = (
				en,
				Base,
			);
			mainGroup = 71A287202979FE4C00EB54E5;
			productRefGroup = 71A2872A2979FE4D00EB54E5 /* Products */;
			projectDirPath = "";
			projectRoot = "";
			targets = (
				71A287282979FE4D00EB54E5 /* MoovielistApp */,
				71A2873E2979FE5300EB54E5 /* MoovielistAppTests */,
				71A287482979FE5300EB54E5 /* MoovielistAppUITests */,
			);
		};
/* End PBXProject section */

/* Begin PBXResourcesBuildPhase section */
		71A287272979FE4D00EB54E5 /* Resources */ = {
			isa = PBXResourcesBuildPhase;
			buildActionMask = 2147483647;
			files = (
				71A287392979FE5300EB54E5 /* LaunchScreen.storyboard in Resources */,
				71A287362979FE5300EB54E5 /* Assets.xcassets in Resources */,
				71A287342979FE4D00EB54E5 /* Main.storyboard in Resources */,
			);
			runOnlyForDeploymentPostprocessing = 0;
		};
		71A2873D2979FE5300EB54E5 /* Resources */ = {
			isa = PBXResourcesBuildPhase;
			buildActionMask = 2147483647;
			files = (
			);
			runOnlyForDeploymentPostprocessing = 0;
		};
		71A287472979FE5300EB54E5 /* Resources */ = {
			isa = PBXResourcesBuildPhase;
			buildActionMask = 2147483647;
			files = (
			);
			runOnlyForDeploymentPostprocessing = 0;
		};
/* End PBXResourcesBuildPhase section */

/* Begin PBXSourcesBuildPhase section */
		71A287252979FE4D00EB54E5 /* Sources */ = {
			isa = PBXSourcesBuildPhase;
			buildActionMask = 2147483647;
			files = (
				71A287312979FE4D00EB54E5 /* ViewController.swift in Sources */,
				71A2872D2979FE4D00EB54E5 /* AppDelegate.swift in Sources */,
				71A2872F2979FE4D00EB54E5 /* SceneDelegate.swift in Sources */,
			);
			runOnlyForDeploymentPostprocessing = 0;
		};
		71A2873B2979FE5300EB54E5 /* Sources */ = {
			isa = PBXSourcesBuildPhase;
			buildActionMask = 2147483647;
			files = (
				71A287442979FE5300EB54E5 /* MoovielistAppTests.swift in Sources */,
			);
			runOnlyForDeploymentPostprocessing = 0;
		};
		71A287452979FE5300EB54E5 /* Sources */ = {
			isa = PBXSourcesBuildPhase;
			buildActionMask = 2147483647;
			files = (
				71A2874E2979FE5300EB54E5 /* MoovielistAppUITests.swift in Sources */,
				71A287502979FE5300EB54E5 /* MoovielistAppUITestsLaunchTests.swift in Sources */,
			);
			runOnlyForDeploymentPostprocessing = 0;
		};
/* End PBXSourcesBuildPhase section */

/* Begin PBXTargetDependency section */
		71A287412979FE5300EB54E5 /* PBXTargetDependency */ = {
			isa = PBXTargetDependency;
			target = 71A287282979FE4D00EB54E5 /* MoovielistApp */;
			targetProxy = 71A287402979FE5300EB54E5 /* PBXContainerItemProxy */;
		};
		71A2874B2979FE5300EB54E5 /* PBXTargetDependency */ = {
			isa = PBXTargetDependency;
			target = 71A287282979FE4D00EB54E5 /* MoovielistApp */;
			targetProxy = 71A2874A2979FE5300EB54E5 /* PBXContainerItemProxy */;
		};
/* End PBXTargetDependency section */

/* Begin PBXVariantGroup section */
		71A287322979FE4D00EB54E5 /* Main.storyboard */ = {
			isa = PBXVariantGroup;
			children = (
				71A287332979FE4D00EB54E5 /* Base */,
			);
			name = Main.storyboard;
			sourceTree = "<group>";
		};
		71A287372979FE5300EB54E5 /* LaunchScreen.storyboard */ = {
			isa = PBXVariantGroup;
			children = (
				71A287382979FE5300EB54E5 /* Base */,
			);
			name = LaunchScreen.storyboard;
			sourceTree = "<group>";
		};
/* End PBXVariantGroup section */

/* Begin XCBuildConfiguration section */
		71A287512979FE5300EB54E5 /* Debug */ = {
			isa = XCBuildConfiguration;
			buildSettings = {
				ALWAYS_SEARCH_USER_PATHS = NO;
				CLANG_ANALYZER_NONNULL = YES;
				CLANG_ANALYZER_NUMBER_OBJECT_CONVERSION = YES_AGGRESSIVE;
				CLANG_CXX_LANGUAGE_STANDARD = "gnu++17";
				CLANG_ENABLE_MODULES = YES;
				CLANG_ENABLE_OBJC_ARC = YES;
				CLANG_ENABLE_OBJC_WEAK = YES;
				CLANG_WARN_BLOCK_CAPTURE_AUTORELEASING = YES;
				CLANG_WARN_BOOL_CONVERSION = YES;
				CLANG_WARN_COMMA = YES;
				CLANG_WARN_CONSTANT_CONVERSION = YES;
				CLANG_WARN_DEPRECATED_OBJC_IMPLEMENTATIONS = YES;
				CLANG_WARN_DIRECT_OBJC_ISA_USAGE = YES_ERROR;
				CLANG_WARN_DOCUMENTATION_COMMENTS = YES;
				CLANG_WARN_EMPTY_BODY = YES;
				CLANG_WARN_ENUM_CONVERSION = YES;
				CLANG_WARN_INFINITE_RECURSION = YES;
				CLANG_WARN_INT_CONVERSION = YES;
				CLANG_WARN_NON_LITERAL_NULL_CONVERSION = YES;
				CLANG_WARN_OBJC_IMPLICIT_RETAIN_SELF = YES;
				CLANG_WARN_OBJC_LITERAL_CONVERSION = YES;
				CLANG_WARN_OBJC_ROOT_CLASS = YES_ERROR;
				CLANG_WARN_QUOTED_INCLUDE_IN_FRAMEWORK_HEADER = YES;
				CLANG_WARN_RANGE_LOOP_ANALYSIS = YES;
				CLANG_WARN_STRICT_PROTOTYPES = YES;
				CLANG_WARN_SUSPICIOUS_MOVE = YES;
				CLANG_WARN_UNGUARDED_AVAILABILITY = YES_AGGRESSIVE;
				CLANG_WARN_UNREACHABLE_CODE = YES;
				CLANG_WARN__DUPLICATE_METHOD_MATCH = YES;
				COPY_PHASE_STRIP = NO;
				DEBUG_INFORMATION_FORMAT = dwarf;
				ENABLE_STRICT_OBJC_MSGSEND = YES;
				ENABLE_TESTABILITY = YES;
				GCC_C_LANGUAGE_STANDARD = gnu11;
				GCC_DYNAMIC_NO_PIC = NO;
				GCC_NO_COMMON_BLOCKS = YES;
				GCC_OPTIMIZATION_LEVEL = 0;
				GCC_PREPROCESSOR_DEFINITIONS = (
					"DEBUG=1",
					"$(inherited)",
				);
				GCC_WARN_64_TO_32_BIT_CONVERSION = YES;
				GCC_WARN_ABOUT_RETURN_TYPE = YES_ERROR;
				GCC_WARN_UNDECLARED_SELECTOR = YES;
				GCC_WARN_UNINITIALIZED_AUTOS = YES_AGGRESSIVE;
				GCC_WARN_UNUSED_FUNCTION = YES;
				GCC_WARN_UNUSED_VARIABLE = YES;
				IPHONEOS_DEPLOYMENT_TARGET = 15.5;
				MTL_ENABLE_DEBUG_INFO = INCLUDE_SOURCE;
				MTL_FAST_MATH = YES;
				ONLY_ACTIVE_ARCH = YES;
				SDKROOT = iphoneos;
				SWIFT_ACTIVE_COMPILATION_CONDITIONS = DEBUG;
				SWIFT_OPTIMIZATION_LEVEL = "-Onone";
			};
			name = Debug;
		};
		71A287522979FE5300EB54E5 /* Release */ = {
			isa = XCBuildConfiguration;
			buildSettings = {
				ALWAYS_SEARCH_USER_PATHS = NO;
				CLANG_ANALYZER_NONNULL = YES;
				CLANG_ANALYZER_NUMBER_OBJECT_CONVERSION = YES_AGGRESSIVE;
				CLANG_CXX_LANGUAGE_STANDARD = "gnu++17";
				CLANG_ENABLE_MODULES = YES;
				CLANG_ENABLE_OBJC_ARC = YES;
				CLANG_ENABLE_OBJC_WEAK = YES;
				CLANG_WARN_BLOCK_CAPTURE_AUTORELEASING = YES;
				CLANG_WARN_BOOL_CONVERSION = YES;
				CLANG_WARN_COMMA = YES;
				CLANG_WARN_CONSTANT_CONVERSION = YES;
				CLANG_WARN_DEPRECATED_OBJC_IMPLEMENTATIONS = YES;
				CLANG_WARN_DIRECT_OBJC_ISA_USAGE = YES_ERROR;
				CLANG_WARN_DOCUMENTATION_COMMENTS = YES;
				CLANG_WARN_EMPTY_BODY = YES;
				CLANG_WARN_ENUM_CONVERSION = YES;
				CLANG_WARN_INFINITE_RECURSION = YES;
				CLANG_WARN_INT_CONVERSION = YES;
				CLANG_WARN_NON_LITERAL_NULL_CONVERSION = YES;
				CLANG_WARN_OBJC_IMPLICIT_RETAIN_SELF = YES;
				CLANG_WARN_OBJC_LITERAL_CONVERSION = YES;
				CLANG_WARN_OBJC_ROOT_CLASS = YES_ERROR;
				CLANG_WARN_QUOTED_INCLUDE_IN_FRAMEWORK_HEADER = YES;
				CLANG_WARN_RANGE_LOOP_ANALYSIS = YES;
				CLANG_WARN_STRICT_PROTOTYPES = YES;
				CLANG_WARN_SUSPICIOUS_MOVE = YES;
				CLANG_WARN_UNGUARDED_AVAILABILITY = YES_AGGRESSIVE;
				CLANG_WARN_UNREACHABLE_CODE = YES;
				CLANG_WARN__DUPLICATE_METHOD_MATCH = YES;
				COPY_PHASE_STRIP = NO;
				DEBUG_INFORMATION_FORMAT = "dwarf-with-dsym";
				ENABLE_NS_ASSERTIONS = NO;
				ENABLE_STRICT_OBJC_MSGSEND = YES;
				GCC_C_LANGUAGE_STANDARD = gnu11;
				GCC_NO_COMMON_BLOCKS = YES;
				GCC_WARN_64_TO_32_BIT_CONVERSION = YES;
				GCC_WARN_ABOUT_RETURN_TYPE = YES_ERROR;
				GCC_WARN_UNDECLARED_SELECTOR = YES;
				GCC_WARN_UNINITIALIZED_AUTOS = YES_AGGRESSIVE;
				GCC_WARN_UNUSED_FUNCTION = YES;
				GCC_WARN_UNUSED_VARIABLE = YES;
				IPHONEOS_DEPLOYMENT_TARGET = 15.5;
				MTL_ENABLE_DEBUG_INFO = NO;
				MTL_FAST_MATH = YES;
				SDKROOT = iphoneos;
				SWIFT_COMPILATION_MODE = wholemodule;
				SWIFT_OPTIMIZATION_LEVEL = "-O";
				VALIDATE_PRODUCT = YES;
			};
			name = Release;
		};
		71A287542979FE5300EB54E5 /* Debug */ = {
			isa = XCBuildConfiguration;
			buildSettings = {
				ASSETCATALOG_COMPILER_APPICON_NAME = AppIcon;
				ASSETCATALOG_COMPILER_GLOBAL_ACCENT_COLOR_NAME = AccentColor;
				CODE_SIGN_STYLE = Automatic;
				CURRENT_PROJECT_VERSION = 1;
				GENERATE_INFOPLIST_FILE = YES;
				INFOPLIST_FILE = MoovielistApp/Info.plist;
				INFOPLIST_KEY_UIApplicationSupportsIndirectInputEvents = YES;
				INFOPLIST_KEY_UILaunchStoryboardName = LaunchScreen;
				INFOPLIST_KEY_UIMainStoryboardFile = Main;
				INFOPLIST_KEY_UISupportedInterfaceOrientations_iPad = "UIInterfaceOrientationPortrait UIInterfaceOrientationPortraitUpsideDown UIInterfaceOrientationLandscapeLeft UIInterfaceOrientationLandscapeRight";
				INFOPLIST_KEY_UISupportedInterfaceOrientations_iPhone = "UIInterfaceOrientationPortrait UIInterfaceOrientationLandscapeLeft UIInterfaceOrientationLandscapeRight";
				LD_RUNPATH_SEARCH_PATHS = (
					"$(inherited)",
					"@executable_path/Frameworks",
				);
				MARKETING_VERSION = 1.0;
				PRODUCT_BUNDLE_IDENTIFIER = com.mczinha.MoovielistApp;
				PRODUCT_NAME = "$(TARGET_NAME)";
				SWIFT_EMIT_LOC_STRINGS = YES;
				SWIFT_VERSION = 5.0;
				TARGETED_DEVICE_FAMILY = "1,2";
			};
			name = Debug;
		};
		71A287552979FE5300EB54E5 /* Release */ = {
			isa = XCBuildConfiguration;
			buildSettings = {
				ASSETCATALOG_COMPILER_APPICON_NAME = AppIcon;
				ASSETCATALOG_COMPILER_GLOBAL_ACCENT_COLOR_NAME = AccentColor;
				CODE_SIGN_STYLE = Automatic;
				CURRENT_PROJECT_VERSION = 1;
				GENERATE_INFOPLIST_FILE = YES;
				INFOPLIST_FILE = MoovielistApp/Info.plist;
				INFOPLIST_KEY_UIApplicationSupportsIndirectInputEvents = YES;
				INFOPLIST_KEY_UILaunchStoryboardName = LaunchScreen;
				INFOPLIST_KEY_UIMainStoryboardFile = Main;
				INFOPLIST_KEY_UISupportedInterfaceOrientations_iPad = "UIInterfaceOrientationPortrait UIInterfaceOrientationPortraitUpsideDown UIInterfaceOrientationLandscapeLeft UIInterfaceOrientationLandscapeRight";
				INFOPLIST_KEY_UISupportedInterfaceOrientations_iPhone = "UIInterfaceOrientationPortrait UIInterfaceOrientationLandscapeLeft UIInterfaceOrientationLandscapeRight";
				LD_RUNPATH_SEARCH_PATHS = (
					"$(inherited)",
					"@executable_path/Frameworks",
				);
				MARKETING_VERSION = 1.0;
				PRODUCT_BUNDLE_IDENTIFIER = com.mczinha.MoovielistApp;
				PRODUCT_NAME = "$(TARGET_NAME)";
				SWIFT_EMIT_LOC_STRINGS = YES;
				SWIFT_VERSION = 5.0;
				TARGETED_DEVICE_FAMILY = "1,2";
			};
			name = Release;
		};
		71A287572979FE5300EB54E5 /* Debug */ = {
			isa = XCBuildConfiguration;
			buildSettings = {
				ALWAYS_EMBED_SWIFT_STANDARD_LIBRARIES = YES;
				BUNDLE_LOADER = "$(TEST_HOST)";
				CODE_SIGN_STYLE = Automatic;
				CURRENT_PROJECT_VERSION = 1;
				GENERATE_INFOPLIST_FILE = YES;
				IPHONEOS_DEPLOYMENT_TARGET = 15.5;
				MARKETING_VERSION = 1.0;
				PRODUCT_BUNDLE_IDENTIFIER = com.mczinha.MoovielistAppTests;
				PRODUCT_NAME = "$(TARGET_NAME)";
				SWIFT_EMIT_LOC_STRINGS = NO;
				SWIFT_VERSION = 5.0;
				TARGETED_DEVICE_FAMILY = "1,2";
				TEST_HOST = "$(BUILT_PRODUCTS_DIR)/MoovielistApp.app/MoovielistApp";
			};
			name = Debug;
		};
		71A287582979FE5300EB54E5 /* Release */ = {
			isa = XCBuildConfiguration;
			buildSettings = {
				ALWAYS_EMBED_SWIFT_STANDARD_LIBRARIES = YES;
				BUNDLE_LOADER = "$(TEST_HOST)";
				CODE_SIGN_STYLE = Automatic;
				CURRENT_PROJECT_VERSION = 1;
				GENERATE_INFOPLIST_FILE = YES;
				IPHONEOS_DEPLOYMENT_TARGET = 15.5;
				MARKETING_VERSION = 1.0;
				PRODUCT_BUNDLE_IDENTIFIER = com.mczinha.MoovielistAppTests;
				PRODUCT_NAME = "$(TARGET_NAME)";
				SWIFT_EMIT_LOC_STRINGS = NO;
				SWIFT_VERSION = 5.0;
				TARGETED_DEVICE_FAMILY = "1,2";
				TEST_HOST = "$(BUILT_PRODUCTS_DIR)/MoovielistApp.app/MoovielistApp";
			};
			name = Release;
		};
		71A2875A2979FE5300EB54E5 /* Debug */ = {
			isa = XCBuildConfiguration;
			buildSettings = {
				ALWAYS_EMBED_SWIFT_STANDARD_LIBRARIES = YES;
				CODE_SIGN_STYLE = Automatic;
				CURRENT_PROJECT_VERSION = 1;
				GENERATE_INFOPLIST_FILE = YES;
				MARKETING_VERSION = 1.0;
				PRODUCT_BUNDLE_IDENTIFIER = com.mczinha.MoovielistAppUITests;
				PRODUCT_NAME = "$(TARGET_NAME)";
				SWIFT_EMIT_LOC_STRINGS = NO;
				SWIFT_VERSION = 5.0;
				TARGETED_DEVICE_FAMILY = "1,2";
				TEST_TARGET_NAME = MoovielistApp;
			};
			name = Debug;
		};
		71A2875B2979FE5300EB54E5 /* Release */ = {
			isa = XCBuildConfiguration;
			buildSettings = {
				ALWAYS_EMBED_SWIFT_STANDARD_LIBRARIES = YES;
				CODE_SIGN_STYLE = Automatic;
				CURRENT_PROJECT_VERSION = 1;
				GENERATE_INFOPLIST_FILE = YES;
				MARKETING_VERSION = 1.0;
				PRODUCT_BUNDLE_IDENTIFIER = com.mczinha.MoovielistAppUITests;
				PRODUCT_NAME = "$(TARGET_NAME)";
				SWIFT_EMIT_LOC_STRINGS = NO;
				SWIFT_VERSION = 5.0;
				TARGETED_DEVICE_FAMILY = "1,2";
				TEST_TARGET_NAME = MoovielistApp;
			};
			name = Release;
		};
/* End XCBuildConfiguration section */

/* Begin XCConfigurationList section */
		71A287242979FE4C00EB54E5 /* Build configuration list for PBXProject "MoovielistApp" */ = {
			isa = XCConfigurationList;
			buildConfigurations = (
				71A287512979FE5300EB54E5 /* Debug */,
				71A287522979FE5300EB54E5 /* Release */,
			);
			defaultConfigurationIsVisible = 0;
			defaultConfigurationName = Release;
		};
		71A287532979FE5300EB54E5 /* Build configuration list for PBXNativeTarget "MoovielistApp" */ = {
			isa = XCConfigurationList;
			buildConfigurations = (
				71A287542979FE5300EB54E5 /* Debug */,
				71A287552979FE5300EB54E5 /* Release */,
			);
			defaultConfigurationIsVisible = 0;
			defaultConfigurationName = Release;
		};
		71A287562979FE5300EB54E5 /* Build configuration list for PBXNativeTarget "MoovielistAppTests" */ = {
			isa = XCConfigurationList;
			buildConfigurations = (
				71A287572979FE5300EB54E5 /* Debug */,
				71A287582979FE5300EB54E5 /* Release */,
			);
			defaultConfigurationIsVisible = 0;
			defaultConfigurationName = Release;
		};
		71A287592979FE5300EB54E5 /* Build configuration list for PBXNativeTarget "MoovielistAppUITests" */ = {
			isa = XCConfigurationList;
			buildConfigurations = (
				71A2875A2979FE5300EB54E5 /* Debug */,
				71A2875B2979FE5300EB54E5 /* Release */,
			);
			defaultConfigurationIsVisible = 0;
			defaultConfigurationName = Release;
		};
/* End XCConfigurationList section */
	};
	rootObject = 71A287212979FE4C00EB54E5 /* Project object */;
}
